
Microsoft Visual Studio Solution File, Format Version 12.00
# Visual Studio Version 17
VisualStudioVersion = 17.0.31903.59
MinimumVisualStudioVersion = 10.0.40219.1
Project("{2150E333-8FDC-42A3-9474-1A3956D46DE8}") = "tests", "tests", "{0AB3BF05-4346-4AA6-1389-037BE0695223}"
EndProject
Project("{FAE04EC0-301F-11D3-BF4B-00C04F79EFBC}") = "Commerce.Bootstrap.Tests", "tests\Commerce.Bootstrap.Tests\Commerce.Bootstrap.Tests.csproj", "{2C028012-ABD9-4F19-9E51-675E953F0062}"
EndProject
Project("{2150E333-8FDC-42A3-9474-1A3956D46DE8}") = "src", "src", "{827E0CD3-B72D-47B6-A68D-7590B98EB39B}"
EndProject
Project("{FAE04EC0-301F-11D3-BF4B-00C04F79EFBC}") = "Commerce.Domain", "src\Commerce.Domain\Commerce.Domain.csproj", "{5BE2A0D8-82C1-41D2-9B08-EAD5B9AF9E04}"
EndProject
Project("{FAE04EC0-301F-11D3-BF4B-00C04F79EFBC}") = "Commerce.Application", "src\Commerce.Application\Commerce.Application.csproj", "{930F903F-A9F0-40B1-88B1-AABCB9199625}"
EndProject
Project("{FAE04EC0-301F-11D3-BF4B-00C04F79EFBC}") = "Commerce.Integration", "tests\Commerce.Integration\Commerce.Integration.csproj", "{8FB5725A-88EB-40C3-85A7-3B7192A5C148}"
EndProject
Project("{FAE04EC0-301F-11D3-BF4B-00C04F79EFBC}") = "Commerce.BranchNode", "src\Commerce.BranchNode\Commerce.BranchNode.csproj", "{36378424-CE4C-420E-A491-A566CE6FF926}"
EndProject
Project("{FAE04EC0-301F-11D3-BF4B-00C04F79EFBC}") = "Commerce.Cloud.Api", "src\Commerce.Cloud.Api\Commerce.Cloud.Api.csproj", "{E6145FB3-09CE-422C-89DE-DE574213EF8C}"
EndProject
Project("{FAE04EC0-301F-11D3-BF4B-00C04F79EFBC}") = "Commerce.Pos.Windows", "src\Commerce.Pos.Windows\Commerce.Pos.Windows.csproj", "{D7D9DE21-0DEC-43C2-B5C3-8EB7C9F1DD65}"
EndProject
Project("{FAE04EC0-301F-11D3-BF4B-00C04F79EFBC}") = "Commerce.Updater", "src\Commerce.Updater\Commerce.Updater.csproj", "{403ECA41-CC5B-473E-94C0-3F5EFA817763}"
EndProject
Project("{FAE04EC0-301F-11D3-BF4B-00C04F79EFBC}") = "Commerce.Upgrade", "tests\Commerce.Upgrade\Commerce.Upgrade.csproj", "{9A3A5822-4383-4081-B7DE-0694A3D9F252}"
EndProject
Global
	GlobalSection(SolutionConfigurationPlatforms) = preSolution
		Debug|Any CPU = Debug|Any CPU
		Debug|x64 = Debug|x64
		Debug|x86 = Debug|x86
		Release|Any CPU = Release|Any CPU
		Release|x64 = Release|x64
		Release|x86 = Release|x86
	EndGlobalSection
	GlobalSection(ProjectConfigurationPlatforms) = postSolution
		{2C028012-ABD9-4F19-9E51-675E953F0062}.Debug|Any CPU.ActiveCfg = Debug|Any CPU
		{2C028012-ABD9-4F19-9E51-675E953F0062}.Debug|Any CPU.Build.0 = Debug|Any CPU
		{2C028012-ABD9-4F19-9E51-675E953F0062}.Debug|x64.ActiveCfg = Debug|Any CPU
		{2C028012-ABD9-4F19-9E51-675E953F0062}.Debug|x64.Build.0 = Debug|Any CPU
		{2C028012-ABD9-4F19-9E51-675E953F0062}.Debug|x86.ActiveCfg = Debug|Any CPU
		{2C028012-ABD9-4F19-9E51-675E953F0062}.Debug|x86.Build.0 = Debug|Any CPU
		{2C028012-ABD9-4F19-9E51-675E953F0062}.Release|Any CPU.ActiveCfg = Release|Any CPU
		{2C028012-ABD9-4F19-9E51-675E953F0062}.Release|Any CPU.Build.0 = Release|Any CPU
		{2C028012-ABD9-4F19-9E51-675E953F0062}.Release|x64.ActiveCfg = Release|Any CPU
		{2C028012-ABD9-4F19-9E51-675E953F0062}.Release|x64.Build.0 = Release|Any CPU
		{2C028012-ABD9-4F19-9E51-675E953F0062}.Release|x86.ActiveCfg = Release|Any CPU
		{2C028012-ABD9-4F19-9E51-675E953F0062}.Release|x86.Build.0 = Release|Any CPU
		{5BE2A0D8-82C1-41D2-9B08-EAD5B9AF9E04}.Debug|Any CPU.ActiveCfg = Debug|Any CPU
		{5BE2A0D8-82C1-41D2-9B08-EAD5B9AF9E04}.Debug|Any CPU.Build.0 = Debug|Any CPU
		{5BE2A0D8-82C1-41D2-9B08-EAD5B9AF9E04}.Debug|x64.ActiveCfg = Debug|Any CPU
		{5BE2A0D8-82C1-41D2-9B08-EAD5B9AF9E04}.Debug|x64.Build.0 = Debug|Any CPU
		{5BE2A0D8-82C1-41D2-9B08-EAD5B9AF9E04}.Debug|x86.ActiveCfg = Debug|Any CPU
		{5BE2A0D8-82C1-41D2-9B08-EAD5B9AF9E04}.Debug|x86.Build.0 = Debug|Any CPU
		{5BE2A0D8-82C1-41D2-9B08-EAD5B9AF9E04}.Release|Any CPU.ActiveCfg = Release|Any CPU
		{5BE2A0D8-82C1-41D2-9B08-EAD5B9AF9E04}.Release|Any CPU.Build.0 = Release|Any CPU
		{5BE2A0D8-82C1-41D2-9B08-EAD5B9AF9E04}.Release|x64.ActiveCfg = Release|Any CPU
		{5BE2A0D8-82C1-41D2-9B08-EAD5B9AF9E04}.Release|x64.Build.0 = Release|Any CPU
		{5BE2A0D8-82C1-41D2-9B08-EAD5B9AF9E04}.Release|x86.ActiveCfg = Release|Any CPU
		{5BE2A0D8-82C1-41D2-9B08-EAD5B9AF9E04}.Release|x86.Build.0 = Release|Any CPU
		{930F903F-A9F0-40B1-88B1-AABCB9199625}.Debug|Any CPU.ActiveCfg = Debug|Any CPU
		{930F903F-A9F0-40B1-88B1-AABCB9199625}.Debug|Any CPU.Build.0 = Debug|Any CPU
		{930F903F-A9F0-40B1-88B1-AABCB9199625}.Debug|x64.ActiveCfg = Debug|Any CPU
		{930F903F-A9F0-40B1-88B1-AABCB9199625}.Debug|x64.Build.0 = Debug|Any CPU
		{930F903F-A9F0-40B1-88B1-AABCB9199625}.Debug|x86.ActiveCfg = Debug|Any CPU
		{930F903F-A9F0-40B1-88B1-AABCB9199625}.Debug|x86.Build.0 = Debug|Any CPU
		{930F903F-A9F0-40B1-88B1-AABCB9199625}.Release|Any CPU.ActiveCfg = Release|Any CPU
		{930F903F-A9F0-40B1-88B1-AABCB9199625}.Release|Any CPU.Build.0 = Release|Any CPU
		{930F903F-A9F0-40B1-88B1-AABCB9199625}.Release|x64.ActiveCfg = Release|Any CPU
		{930F903F-A9F0-40B1-88B1-AABCB9199625}.Release|x64.Build.0 = Release|Any CPU
		{930F903F-A9F0-40B1-88B1-AABCB9199625}.Release|x86.ActiveCfg = Release|Any CPU
		{930F903F-A9F0-40B1-88B1-AABCB9199625}.Release|x86.Build.0 = Release|Any CPU
		{8FB5725A-88EB-40C3-85A7-3B7192A5C148}.Debug|Any CPU.ActiveCfg = Debug|Any CPU
		{8FB5725A-88EB-40C3-85A7-3B7192A5C148}.Debug|Any CPU.Build.0 = Debug|Any CPU
		{8FB5725A-88EB-40C3-85A7-3B7192A5C148}.Debug|x64.ActiveCfg = Debug|Any CPU
		{8FB5725A-88EB-40C3-85A7-3B7192A5C148}.Debug|x64.Build.0 = Debug|Any CPU
		{8FB5725A-88EB-40C3-85A7-3B7192A5C148}.Debug|x86.ActiveCfg = Debug|Any CPU
		{8FB5725A-88EB-40C3-85A7-3B7192A5C148}.Debug|x86.Build.0 = Debug|Any CPU
		{8FB5725A-88EB-40C3-85A7-3B7192A5C148}.Release|Any CPU.ActiveCfg = Release|Any CPU
		{8FB5725A-88EB-40C3-85A7-3B7192A5C148}.Release|Any CPU.Build.0 = Release|Any CPU
		{8FB5725A-88EB-40C3-85A7-3B7192A5C148}.Release|x64.ActiveCfg = Release|Any CPU
		{8FB5725A-88EB-40C3-85A7-3B7192A5C148}.Release|x64.Build.0 = Release|Any CPU
		{8FB5725A-88EB-40C3-85A7-3B7192A5C148}.Release|x86.ActiveCfg = Release|Any CPU
		{8FB5725A-88EB-40C3-85A7-3B7192A5C148}.Release|x86.Build.0 = Release|Any CPU
		{36378424-CE4C-420E-A491-A566CE6FF926}.Debug|Any CPU.ActiveCfg = Debug|Any CPU
		{36378424-CE4C-420E-A491-A566CE6FF926}.Debug|Any CPU.Build.0 = Debug|Any CPU
		{36378424-CE4C-420E-A491-A566CE6FF926}.Debug|x64.ActiveCfg = Debug|Any CPU
		{36378424-CE4C-420E-A491-A566CE6FF926}.Debug|x64.Build.0 = Debug|Any CPU
		{36378424-CE4C-420E-A491-A566CE6FF926}.Debug|x86.ActiveCfg = Debug|Any CPU
		{36378424-CE4C-420E-A491-A566CE6FF926}.Debug|x86.Build.0 = Debug|Any CPU
		{36378424-CE4C-420E-A491-A566CE6FF926}.Release|Any CPU.ActiveCfg = Release|Any CPU
		{36378424-CE4C-420E-A491-A566CE6FF926}.Release|Any CPU.Build.0 = Release|Any CPU
		{36378424-CE4C-420E-A491-A566CE6FF926}.Release|x64.ActiveCfg = Release|Any CPU
		{36378424-CE4C-420E-A491-A566CE6FF926}.Release|x64.Build.0 = Release|Any CPU
		{36378424-CE4C-420E-A491-A566CE6FF926}.Release|x86.ActiveCfg = Release|Any CPU
		{36378424-CE4C-420E-A491-A566CE6FF926}.Release|x86.Build.0 = Release|Any CPU
		{E6145FB3-09CE-422C-89DE-DE574213EF8C}.Debug|Any CPU.ActiveCfg = Debug|Any CPU
		{E6145FB3-09CE-422C-89DE-DE574213EF8C}.Debug|Any CPU.Build.0 = Debug|Any CPU
		{E6145FB3-09CE-422C-89DE-DE574213EF8C}.Debug|x64.ActiveCfg = Debug|Any CPU
		{E6145FB3-09CE-422C-89DE-DE574213EF8C}.Debug|x64.Build.0 = Debug|Any CPU
		{E6145FB3-09CE-422C-89DE-DE574213EF8C}.Debug|x86.ActiveCfg = Debug|Any CPU
		{E6145FB3-09CE-422C-89DE-DE574213EF8C}.Debug|x86.Build.0 = Debug|Any CPU
		{E6145FB3-09CE-422C-89DE-DE574213EF8C}.Release|Any CPU.ActiveCfg = Release|Any CPU
		{E6145FB3-09CE-422C-89DE-DE574213EF8C}.Release|Any CPU.Build.0 = Release|Any CPU
		{E6145FB3-09CE-422C-89DE-DE574213EF8C}.Release|x64.ActiveCfg = Release|Any CPU
		{E6145FB3-09CE-422C-89DE-DE574213EF8C}.Release|x64.Build.0 = Release|Any CPU
		{E6145FB3-09CE-422C-89DE-DE574213EF8C}.Release|x86.ActiveCfg = Release|Any CPU
		{E6145FB3-09CE-422C-89DE-DE574213EF8C}.Release|x86.Build.0 = Release|Any CPU
		{D7D9DE21-0DEC-43C2-B5C3-8EB7C9F1DD65}.Debug|Any CPU.ActiveCfg = Debug|Any CPU
		{D7D9DE21-0DEC-43C2-B5C3-8EB7C9F1DD65}.Debug|Any CPU.Build.0 = Debug|Any CPU
		{D7D9DE21-0DEC-43C2-B5C3-8EB7C9F1DD65}.Debug|x64.ActiveCfg = Debug|Any CPU
		{D7D9DE21-0DEC-43C2-B5C3-8EB7C9F1DD65}.Debug|x64.Build.0 = Debug|Any CPU
		{D7D9DE21-0DEC-43C2-B5C3-8EB7C9F1DD65}.Debug|x86.ActiveCfg = Debug|Any CPU
		{D7D9DE21-0DEC-43C2-B5C3-8EB7C9F1DD65}.Debug|x86.Build.0 = Debug|Any CPU
		{D7D9DE21-0DEC-43C2-B5C3-8EB7C9F1DD65}.Release|Any CPU.ActiveCfg = Release|Any CPU
		{D7D9DE21-0DEC-43C2-B5C3-8EB7C9F1DD65}.Release|Any CPU.Build.0 = Release|Any CPU
		{D7D9DE21-0DEC-43C2-B5C3-8EB7C9F1DD65}.Release|x64.ActiveCfg = Release|Any CPU
		{D7D9DE21-0DEC-43C2-B5C3-8EB7C9F1DD65}.Release|x64.Build.0 = Release|Any CPU
		{D7D9DE21-0DEC-43C2-B5C3-8EB7C9F1DD65}.Release|x86.ActiveCfg = Release|Any CPU
		{D7D9DE21-0DEC-43C2-B5C3-8EB7C9F1DD65}.Release|x86.Build.0 = Release|Any CPU
		{403ECA41-CC5B-473E-94C0-3F5EFA817763}.Debug|Any CPU.ActiveCfg = Debug|Any CPU
		{403ECA41-CC5B-473E-94C0-3F5EFA817763}.Debug|Any CPU.Build.0 = Debug|Any CPU
		{403ECA41-CC5B-473E-94C0-3F5EFA817763}.Debug|x64.ActiveCfg = Debug|Any CPU
		{403ECA41-CC5B-473E-94C0-3F5EFA817763}.Debug|x64.Build.0 = Debug|Any CPU
		{403ECA41-CC5B-473E-94C0-3F5EFA817763}.Debug|x86.ActiveCfg = Debug|Any CPU
		{403ECA41-CC5B-473E-94C0-3F5EFA817763}.Debug|x86.Build.0 = Debug|Any CPU
		{403ECA41-CC5B-473E-94C0-3F5EFA817763}.Release|Any CPU.ActiveCfg = Release|Any CPU
		{403ECA41-CC5B-473E-94C0-3F5EFA817763}.Release|Any CPU.Build.0 = Release|Any CPU
		{403ECA41-CC5B-473E-94C0-3F5EFA817763}.Release|x64.ActiveCfg = Release|Any CPU
		{403ECA41-CC5B-473E-94C0-3F5EFA817763}.Release|x64.Build.0 = Release|Any CPU
		{403ECA41-CC5B-473E-94C0-3F5EFA817763}.Release|x86.ActiveCfg = Release|Any CPU
		{403ECA41-CC5B-473E-94C0-3F5EFA817763}.Release|x86.Build.0 = Release|Any CPU
		{9A3A5822-4383-4081-B7DE-0694A3D9F252}.Debug|Any CPU.ActiveCfg = Debug|Any CPU
		{9A3A5822-4383-4081-B7DE-0694A3D9F252}.Debug|Any CPU.Build.0 = Debug|Any CPU
		{9A3A5822-4383-4081-B7DE-0694A3D9F252}.Debug|x64.ActiveCfg = Debug|Any CPU
		{9A3A5822-4383-4081-B7DE-0694A3D9F252}.Debug|x64.Build.0 = Debug|Any CPU
		{9A3A5822-4383-4081-B7DE-0694A3D9F252}.Debug|x86.ActiveCfg = Debug|Any CPU
		{9A3A5822-4383-4081-B7DE-0694A3D9F252}.Debug|x86.Build.0 = Debug|Any CPU
		{9A3A5822-4383-4081-B7DE-0694A3D9F252}.Release|Any CPU.ActiveCfg = Release|Any CPU
		{9A3A5822-4383-4081-B7DE-0694A3D9F252}.Release|Any CPU.Build.0 = Release|Any CPU
		{9A3A5822-4383-4081-B7DE-0694A3D9F252}.Release|x64.ActiveCfg = Release|Any CPU
		{9A3A5822-4383-4081-B7DE-0694A3D9F252}.Release|x64.Build.0 = Release|Any CPU
		{9A3A5822-4383-4081-B7DE-0694A3D9F252}.Release|x86.ActiveCfg = Release|Any CPU
		{9A3A5822-4383-4081-B7DE-0694A3D9F252}.Release|x86.Build.0 = Release|Any CPU
	EndGlobalSection
	GlobalSection(SolutionProperties) = preSolution
		HideSolutionNode = FALSE
	EndGlobalSection
	GlobalSection(NestedProjects) = preSolution
		{2C028012-ABD9-4F19-9E51-675E953F0062} = {0AB3BF05-4346-4AA6-1389-037BE0695223}
		{5BE2A0D8-82C1-41D2-9B08-EAD5B9AF9E04} = {827E0CD3-B72D-47B6-A68D-7590B98EB39B}
		{930F903F-A9F0-40B1-88B1-AABCB9199625} = {827E0CD3-B72D-47B6-A68D-7590B98EB39B}
		{8FB5725A-88EB-40C3-85A7-3B7192A5C148} = {0AB3BF05-4346-4AA6-1389-037BE0695223}
		{36378424-CE4C-420E-A491-A566CE6FF926} = {827E0CD3-B72D-47B6-A68D-7590B98EB39B}
		{E6145FB3-09CE-422C-89DE-DE574213EF8C} = {827E0CD3-B72D-47B6-A68D-7590B98EB39B}
		{D7D9DE21-0DEC-43C2-B5C3-8EB7C9F1DD65} = {827E0CD3-B72D-47B6-A68D-7590B98EB39B}
		{403ECA41-CC5B-473E-94C0-3F5EFA817763} = {827E0CD3-B72D-47B6-A68D-7590B98EB39B}
		{9A3A5822-4383-4081-B7DE-0694A3D9F252} = {0AB3BF05-4346-4AA6-1389-037BE0695223}
	EndGlobalSection
EndGlobal
